// !$*UTF8*$!
{
	archiveVersion = 1;
	classes = {
	};
	objectVersion = 56;
	objects = {

/* Begin PBXBuildFile section */
		0297EF872AB85A4A0001CF18 /* FileIO.swift in Sources */ = {isa = PBXBuildFile; fileRef = 0297EF862AB85A4A0001CF18 /* FileIO.swift */; };
		02BC5C9D291BE559003B2996 /* main.swift in Sources */ = {isa = PBXBuildFile; fileRef = 02BC5C9C291BE559003B2996 /* main.swift */; };
/* End PBXBuildFile section */

/* Begin PBXCopyFilesBuildPhase section */
		02BC5C97291BE559003B2996 /* CopyFiles */ = {
			isa = PBXCopyFilesBuildPhase;
			buildActionMask = 2147483647;
			dstPath = /usr/share/man/man1/;
			dstSubfolderSpec = 0;
			files = (
			);
			runOnlyForDeploymentPostprocessing = 1;
		};
/* End PBXCopyFilesBuildPhase section */

/* Begin PBXFileReference section */
		020CAA202A89D15D00FECB50 /* 2-R.swift */ = {isa = PBXFileReference; lastKnownFileType = sourcecode.swift; path = "2-R.swift"; sourceTree = "<group>"; };
		020CAA222A8B3AC200FECB50 /* 2-S.swift */ = {isa = PBXFileReference; lastKnownFileType = sourcecode.swift; path = "2-S.swift"; sourceTree = "<group>"; };
		020CAA242A8CCE6F00FECB50 /* 2-T.swift */ = {isa = PBXFileReference; lastKnownFileType = sourcecode.swift; path = "2-T.swift"; sourceTree = "<group>"; };
		020CAA282A92153900FECB50 /* 3-A.swift */ = {isa = PBXFileReference; lastKnownFileType = sourcecode.swift; path = "3-A.swift"; sourceTree = "<group>"; };
		020CAA2D2A9226FF00FECB50 /* 3-B.swift */ = {isa = PBXFileReference; lastKnownFileType = sourcecode.swift; path = "3-B.swift"; sourceTree = "<group>"; };
		020CAA2F2A9B233000FECB50 /* 3-C.swift */ = {isa = PBXFileReference; lastKnownFileType = sourcecode.swift; path = "3-C.swift"; sourceTree = "<group>"; };
		026A4416299BC87D00EE9249 /* 1-G.swift */ = {isa = PBXFileReference; lastKnownFileType = sourcecode.swift; path = "1-G.swift"; sourceTree = "<group>"; };
		026A441829A3A22500EE9249 /* 1-H.swift */ = {isa = PBXFileReference; lastKnownFileType = sourcecode.swift; path = "1-H.swift"; sourceTree = "<group>"; };
		026A441B29A4F57900EE9249 /* 1-I.swift */ = {isa = PBXFileReference; lastKnownFileType = sourcecode.swift; path = "1-I.swift"; sourceTree = "<group>"; };
		026A441D29A8BB1B00EE9249 /* 1-J.swift */ = {isa = PBXFileReference; lastKnownFileType = sourcecode.swift; path = "1-J.swift"; sourceTree = "<group>"; };
		026A441F29AF23DD00EE9249 /* 1-K.swift */ = {isa = PBXFileReference; lastKnownFileType = sourcecode.swift; path = "1-K.swift"; sourceTree = "<group>"; };
		026A442129B0DBDA00EE9249 /* 1-L.swift */ = {isa = PBXFileReference; lastKnownFileType = sourcecode.swift; path = "1-L.swift"; sourceTree = "<group>"; };
		026A442329B2287A00EE9249 /* 1-M.swift */ = {isa = PBXFileReference; lastKnownFileType = sourcecode.swift; path = "1-M.swift"; sourceTree = "<group>"; };
		026A442529B8B2E400EE9249 /* 1-N.swift */ = {isa = PBXFileReference; lastKnownFileType = sourcecode.swift; path = "1-N.swift"; sourceTree = "<group>"; };
		026A442729BA1DA700EE9249 /* 1-O.swift */ = {isa = PBXFileReference; lastKnownFileType = sourcecode.swift; path = "1-O.swift"; sourceTree = "<group>"; };
		026A442929C0B6ED00EE9249 /* 1-A-2.swift */ = {isa = PBXFileReference; lastKnownFileType = sourcecode.swift; path = "1-A-2.swift"; sourceTree = "<group>"; };
		026A442B29D1985B00EE9249 /* queue.swift */ = {isa = PBXFileReference; lastKnownFileType = sourcecode.swift; path = queue.swift; sourceTree = "<group>"; };
		026A442D29E2B56800EE9249 /* adjacencyMatrix.swift */ = {isa = PBXFileReference; lastKnownFileType = sourcecode.swift; path = adjacencyMatrix.swift; sourceTree = "<group>"; };
		026A442F29E3F69F00EE9249 /* adjacencyList.swift */ = {isa = PBXFileReference; lastKnownFileType = sourcecode.swift; path = adjacencyList.swift; sourceTree = "<group>"; };
		026A443129E41DEA00EE9249 /* map&DirectionVector.swift */ = {isa = PBXFileReference; lastKnownFileType = sourcecode.swift; path = "map&DirectionVector.swift"; sourceTree = "<group>"; };
		026A443329E5A73900EE9249 /* dfs.swift */ = {isa = PBXFileReference; lastKnownFileType = sourcecode.swift; path = dfs.swift; sourceTree = "<group>"; };
		028526A72967051F00C2D820 /* combination.swift */ = {isa = PBXFileReference; lastKnownFileType = sourcecode.swift; path = combination.swift; sourceTree = "<group>"; };
		028526A9297962B000C2D820 /* prefixSum.swift */ = {isa = PBXFileReference; lastKnownFileType = sourcecode.swift; path = prefixSum.swift; sourceTree = "<group>"; };
		028526AB298A78F100C2D820 /* 1-A.swift */ = {isa = PBXFileReference; lastKnownFileType = sourcecode.swift; path = "1-A.swift"; sourceTree = "<group>"; };
		028526AD299140C100C2D820 /* 1-B.swift */ = {isa = PBXFileReference; lastKnownFileType = sourcecode.swift; path = "1-B.swift"; sourceTree = "<group>"; };
		028526AF2993D0AC00C2D820 /* 1-C.swift */ = {isa = PBXFileReference; lastKnownFileType = sourcecode.swift; path = "1-C.swift"; sourceTree = "<group>"; };
		028526B229953F8F00C2D820 /* 1-D.swift */ = {isa = PBXFileReference; lastKnownFileType = sourcecode.swift; path = "1-D.swift"; sourceTree = "<group>"; };
		028526B429965C3200C2D820 /* 1-E.swift */ = {isa = PBXFileReference; lastKnownFileType = sourcecode.swift; path = "1-E.swift"; sourceTree = "<group>"; };
		028526B629990F6700C2D820 /* 1-F.swift */ = {isa = PBXFileReference; lastKnownFileType = sourcecode.swift; path = "1-F.swift"; sourceTree = "<group>"; };
		0297EF742AA0503C0001CF18 /* 3-D.swift */ = {isa = PBXFileReference; lastKnownFileType = sourcecode.swift; path = "3-D.swift"; sourceTree = "<group>"; };
		0297EF762AA1DA280001CF18 /* 3-E.swift */ = {isa = PBXFileReference; lastKnownFileType = sourcecode.swift; path = "3-E.swift"; sourceTree = "<group>"; };
		0297EF782AA6EA760001CF18 /* 3-F.swift */ = {isa = PBXFileReference; lastKnownFileType = sourcecode.swift; path = "3-F.swift"; sourceTree = "<group>"; };
		0297EF7A2AA85F340001CF18 /* 3-G.swift */ = {isa = PBXFileReference; lastKnownFileType = sourcecode.swift; path = "3-G.swift"; sourceTree = "<group>"; };
		0297EF7C2AA9A00B0001CF18 /* 3-H.swift */ = {isa = PBXFileReference; lastKnownFileType = sourcecode.swift; path = "3-H.swift"; sourceTree = "<group>"; };
		0297EF7E2AB03AC60001CF18 /* 3-I.swift */ = {isa = PBXFileReference; lastKnownFileType = sourcecode.swift; path = "3-I.swift"; sourceTree = "<group>"; };
		0297EF802AB19F850001CF18 /* 3-J.swift */ = {isa = PBXFileReference; lastKnownFileType = sourcecode.swift; path = "3-J.swift"; sourceTree = "<group>"; };
		0297EF822AB42A3C0001CF18 /* 3-K.swift */ = {isa = PBXFileReference; lastKnownFileType = sourcecode.swift; path = "3-K.swift"; sourceTree = "<group>"; };
		0297EF842AB5879C0001CF18 /* 3-X.swift */ = {isa = PBXFileReference; lastKnownFileType = sourcecode.swift; path = "3-X.swift"; sourceTree = "<group>"; };
		0297EF862AB85A4A0001CF18 /* FileIO.swift */ = {isa = PBXFileReference; lastKnownFileType = sourcecode.swift; path = FileIO.swift; sourceTree = "<group>"; };
		0297EF882AB868E10001CF18 /* 3-L.swift */ = {isa = PBXFileReference; lastKnownFileType = sourcecode.swift; path = "3-L.swift"; sourceTree = "<group>"; };
		0297EF8A2ABAF9E40001CF18 /* 3-M.swift */ = {isa = PBXFileReference; lastKnownFileType = sourcecode.swift; path = "3-M.swift"; sourceTree = "<group>"; };
		0297EF8C2ABDBCE30001CF18 /* 3-O.swift */ = {isa = PBXFileReference; lastKnownFileType = sourcecode.swift; path = "3-O.swift"; sourceTree = "<group>"; };
		0297EF8E2ABDC7FD0001CF18 /* 3-N.swift */ = {isa = PBXFileReference; lastKnownFileType = sourcecode.swift; path = "3-N.swift"; sourceTree = "<group>"; };
		0297EF902AC15AC90001CF18 /* 3-P.swift */ = {isa = PBXFileReference; lastKnownFileType = sourcecode.swift; path = "3-P.swift"; sourceTree = "<group>"; };
		0297EF932AC2C2DE0001CF18 /* 3-Q.swift */ = {isa = PBXFileReference; lastKnownFileType = sourcecode.swift; path = "3-Q.swift"; sourceTree = "<group>"; };
		0297EF952ACC04C70001CF18 /* bitMasking.swift */ = {isa = PBXFileReference; lastKnownFileType = sourcecode.swift; path = bitMasking.swift; sourceTree = "<group>"; };
		0297EF972ACD927B0001CF18 /* 4-A.swift */ = {isa = PBXFileReference; lastKnownFileType = sourcecode.swift; path = "4-A.swift"; sourceTree = "<group>"; };
		0297EF992AD81C420001CF18 /* 4-B.swift */ = {isa = PBXFileReference; lastKnownFileType = sourcecode.swift; path = "4-B.swift"; sourceTree = "<group>"; };
		0297EF9B2AE28C3A0001CF18 /* 4-C.swift */ = {isa = PBXFileReference; lastKnownFileType = sourcecode.swift; path = "4-C.swift"; sourceTree = "<group>"; };
		0297EF9D2AE52DE00001CF18 /* 4-D.swift */ = {isa = PBXFileReference; lastKnownFileType = sourcecode.swift; path = "4-D.swift"; sourceTree = "<group>"; };
		0297EF9F2AF0EB0B0001CF18 /* 4-E.swift */ = {isa = PBXFileReference; lastKnownFileType = sourcecode.swift; path = "4-E.swift"; sourceTree = "<group>"; };
		02A243002A3AEB9500AB734E /* 2-F.swift */ = {isa = PBXFileReference; lastKnownFileType = sourcecode.swift; path = "2-F.swift"; sourceTree = "<group>"; };
		02A243022A3DB36700AB734E /* 2-G.swift */ = {isa = PBXFileReference; lastKnownFileType = sourcecode.swift; path = "2-G.swift"; sourceTree = "<group>"; };
		02A243042A4002AF00AB734E /* 2-H.swift */ = {isa = PBXFileReference; lastKnownFileType = sourcecode.swift; path = "2-H.swift"; sourceTree = "<group>"; };
		02A243062A440C1D00AB734E /* 2-I.swift */ = {isa = PBXFileReference; lastKnownFileType = sourcecode.swift; path = "2-I.swift"; sourceTree = "<group>"; };
		02A243082A4574ED00AB734E /* 2-J.swift */ = {isa = PBXFileReference; lastKnownFileType = sourcecode.swift; path = "2-J.swift"; sourceTree = "<group>"; };
		02A2430A2A4C236900AB734E /* 2-K.swift */ = {isa = PBXFileReference; lastKnownFileType = sourcecode.swift; path = "2-K.swift"; sourceTree = "<group>"; };
		02A2430C2A6A4CDD00AB734E /* 2-L.swift */ = {isa = PBXFileReference; lastKnownFileType = sourcecode.swift; path = "2-L.swift"; sourceTree = "<group>"; };
		02A2430E2A724A1B00AB734E /* 2-M.swift */ = {isa = PBXFileReference; lastKnownFileType = sourcecode.swift; path = "2-M.swift"; sourceTree = "<group>"; };
		02A243102A75235200AB734E /* 2-N.swift */ = {isa = PBXFileReference; lastKnownFileType = sourcecode.swift; path = "2-N.swift"; sourceTree = "<group>"; };
		02A243122A78B98C00AB734E /* 2-O.swift */ = {isa = PBXFileReference; lastKnownFileType = sourcecode.swift; path = "2-O.swift"; sourceTree = "<group>"; };
		02A243142A7C938B00AB734E /* 2-P.swift */ = {isa = PBXFileReference; lastKnownFileType = sourcecode.swift; path = "2-P.swift"; sourceTree = "<group>"; };
		02A243162A7E46DB00AB734E /* 2-Q.swift */ = {isa = PBXFileReference; lastKnownFileType = sourcecode.swift; path = "2-Q.swift"; sourceTree = "<group>"; };
		02AADF432AF4B27E00E7283C /* 4-F.swift */ = {isa = PBXFileReference; lastKnownFileType = sourcecode.swift; path = "4-F.swift"; sourceTree = "<group>"; };
		02AADF452AF4E0B400E7283C /* 4-G.swift */ = {isa = PBXFileReference; lastKnownFileType = sourcecode.swift; path = "4-G.swift"; sourceTree = "<group>"; };
		02AADF472AF7AB3B00E7283C /* 4-H.swift */ = {isa = PBXFileReference; lastKnownFileType = sourcecode.swift; path = "4-H.swift"; sourceTree = "<group>"; };
		02AADF492AFA070600E7283C /* 4-I.swift */ = {isa = PBXFileReference; lastKnownFileType = sourcecode.swift; path = "4-I.swift"; sourceTree = "<group>"; };
		02AADF4B2AFB7F9D00E7283C /* 4-J.swift */ = {isa = PBXFileReference; lastKnownFileType = sourcecode.swift; path = "4-J.swift"; sourceTree = "<group>"; };
		02AADF4D2AFC849600E7283C /* 4-K.swift */ = {isa = PBXFileReference; lastKnownFileType = sourcecode.swift; path = "4-K.swift"; sourceTree = "<group>"; };
		02BC5C99291BE559003B2996 /* Algorithm */ = {isa = PBXFileReference; explicitFileType = "compiled.mach-o.executable"; includeInIndex = 0; path = Algorithm; sourceTree = BUILT_PRODUCTS_DIR; };
		02BC5C9C291BE559003B2996 /* main.swift */ = {isa = PBXFileReference; lastKnownFileType = sourcecode.swift; path = main.swift; sourceTree = "<group>"; };
		02BC5CA3291BE56A003B2996 /* permutation.swift */ = {isa = PBXFileReference; lastKnownFileType = sourcecode.swift; path = permutation.swift; sourceTree = "<group>"; };
		02BC5CA5291BE59D003B2996 /* readLineList.md */ = {isa = PBXFileReference; lastKnownFileType = net.daringfireball.markdown; path = readLineList.md; sourceTree = "<group>"; };
		02C63F7C2A1DD88C0040E9AE /* bfs.swift */ = {isa = PBXFileReference; lastKnownFileType = sourcecode.swift; path = bfs.swift; sourceTree = "<group>"; };
		02C63F7E2A25B3D60040E9AE /* 2-A.swift */ = {isa = PBXFileReference; lastKnownFileType = sourcecode.swift; path = "2-A.swift"; sourceTree = "<group>"; };
		02C63F802A26279D0040E9AE /* 2-B.swift */ = {isa = PBXFileReference; lastKnownFileType = sourcecode.swift; path = "2-B.swift"; sourceTree = "<group>"; };
		02C63F822A2993870040E9AE /* 2-C.swift */ = {isa = PBXFileReference; lastKnownFileType = sourcecode.swift; path = "2-C.swift"; sourceTree = "<group>"; };
		02C63F842A29B7080040E9AE /* 2-D.swift */ = {isa = PBXFileReference; lastKnownFileType = sourcecode.swift; path = "2-D.swift"; sourceTree = "<group>"; };
		02C63F862A319D2C0040E9AE /* 2-E.swift */ = {isa = PBXFileReference; lastKnownFileType = sourcecode.swift; path = "2-E.swift"; sourceTree = "<group>"; };
/* End PBXFileReference section */

/* Begin PBXFrameworksBuildPhase section */
		02BC5C96291BE559003B2996 /* Frameworks */ = {
			isa = PBXFrameworksBuildPhase;
			buildActionMask = 2147483647;
			files = (
			);
			runOnlyForDeploymentPostprocessing = 0;
		};
/* End PBXFrameworksBuildPhase section */

/* Begin PBXGroup section */
		020CAA2A2A92263B00FECB50 /* 1Week */ = {
			isa = PBXGroup;
			children = (
				028526AB298A78F100C2D820 /* 1-A.swift */,
				028526AD299140C100C2D820 /* 1-B.swift */,
				028526AF2993D0AC00C2D820 /* 1-C.swift */,
				028526B229953F8F00C2D820 /* 1-D.swift */,
				028526B429965C3200C2D820 /* 1-E.swift */,
				028526B629990F6700C2D820 /* 1-F.swift */,
				026A4416299BC87D00EE9249 /* 1-G.swift */,
				026A441829A3A22500EE9249 /* 1-H.swift */,
				026A441B29A4F57900EE9249 /* 1-I.swift */,
				026A441D29A8BB1B00EE9249 /* 1-J.swift */,
				026A441F29AF23DD00EE9249 /* 1-K.swift */,
				026A442129B0DBDA00EE9249 /* 1-L.swift */,
				026A442329B2287A00EE9249 /* 1-M.swift */,
				026A442529B8B2E400EE9249 /* 1-N.swift */,
				026A442729BA1DA700EE9249 /* 1-O.swift */,
				026A442929C0B6ED00EE9249 /* 1-A-2.swift */,
			);
			path = 1Week;
			sourceTree = "<group>";
		};
		020CAA2B2A92266200FECB50 /* 2Week */ = {
			isa = PBXGroup;
			children = (
				02C63F7E2A25B3D60040E9AE /* 2-A.swift */,
				02C63F802A26279D0040E9AE /* 2-B.swift */,
				02C63F822A2993870040E9AE /* 2-C.swift */,
				02C63F842A29B7080040E9AE /* 2-D.swift */,
				02C63F862A319D2C0040E9AE /* 2-E.swift */,
				02A243002A3AEB9500AB734E /* 2-F.swift */,
				02A243022A3DB36700AB734E /* 2-G.swift */,
				02A243042A4002AF00AB734E /* 2-H.swift */,
				02A243062A440C1D00AB734E /* 2-I.swift */,
				02A243082A4574ED00AB734E /* 2-J.swift */,
				02A2430A2A4C236900AB734E /* 2-K.swift */,
				02A2430C2A6A4CDD00AB734E /* 2-L.swift */,
				02A2430E2A724A1B00AB734E /* 2-M.swift */,
				02A243102A75235200AB734E /* 2-N.swift */,
				02A243122A78B98C00AB734E /* 2-O.swift */,
				02A243142A7C938B00AB734E /* 2-P.swift */,
				02A243162A7E46DB00AB734E /* 2-Q.swift */,
				020CAA202A89D15D00FECB50 /* 2-R.swift */,
				020CAA222A8B3AC200FECB50 /* 2-S.swift */,
				020CAA242A8CCE6F00FECB50 /* 2-T.swift */,
			);
			path = 2Week;
			sourceTree = "<group>";
		};
		020CAA2C2A92267F00FECB50 /* 3Week */ = {
			isa = PBXGroup;
			children = (
				020CAA282A92153900FECB50 /* 3-A.swift */,
				020CAA2D2A9226FF00FECB50 /* 3-B.swift */,
				020CAA2F2A9B233000FECB50 /* 3-C.swift */,
				0297EF742AA0503C0001CF18 /* 3-D.swift */,
				0297EF762AA1DA280001CF18 /* 3-E.swift */,
				0297EF782AA6EA760001CF18 /* 3-F.swift */,
				0297EF7A2AA85F340001CF18 /* 3-G.swift */,
				0297EF7C2AA9A00B0001CF18 /* 3-H.swift */,
				0297EF7E2AB03AC60001CF18 /* 3-I.swift */,
				0297EF802AB19F850001CF18 /* 3-J.swift */,
				0297EF822AB42A3C0001CF18 /* 3-K.swift */,
				0297EF842AB5879C0001CF18 /* 3-X.swift */,
				0297EF882AB868E10001CF18 /* 3-L.swift */,
				0297EF8A2ABAF9E40001CF18 /* 3-M.swift */,
				0297EF8E2ABDC7FD0001CF18 /* 3-N.swift */,
				0297EF8C2ABDBCE30001CF18 /* 3-O.swift */,
				0297EF902AC15AC90001CF18 /* 3-P.swift */,
				0297EF932AC2C2DE0001CF18 /* 3-Q.swift */,
			);
			path = 3Week;
			sourceTree = "<group>";
		};
		0297EF922AC2C2800001CF18 /* 4Week */ = {
			isa = PBXGroup;
			children = (
				0297EF972ACD927B0001CF18 /* 4-A.swift */,
				0297EF992AD81C420001CF18 /* 4-B.swift */,
				0297EF9B2AE28C3A0001CF18 /* 4-C.swift */,
				0297EF9D2AE52DE00001CF18 /* 4-D.swift */,
				0297EF9F2AF0EB0B0001CF18 /* 4-E.swift */,
				02AADF432AF4B27E00E7283C /* 4-F.swift */,
				02AADF452AF4E0B400E7283C /* 4-G.swift */,
				02AADF472AF7AB3B00E7283C /* 4-H.swift */,
				02AADF492AFA070600E7283C /* 4-I.swift */,
				02AADF4B2AFB7F9D00E7283C /* 4-J.swift */,
				02AADF4D2AFC849600E7283C /* 4-K.swift */,
			);
			path = 4Week;
			sourceTree = "<group>";
		};
		02BC5C90291BE559003B2996 = {
			isa = PBXGroup;
			children = (
				02BC5C9B291BE559003B2996 /* Algorithm */,
				02BC5C9A291BE559003B2996 /* Products */,
			);
			sourceTree = "<group>";
		};
		02BC5C9A291BE559003B2996 /* Products */ = {
			isa = PBXGroup;
			children = (
				02BC5C99291BE559003B2996 /* Algorithm */,
			);
			name = Products;
			sourceTree = "<group>";
		};
		02BC5C9B291BE559003B2996 /* Algorithm */ = {
			isa = PBXGroup;
			children = (
				02BC5C9C291BE559003B2996 /* main.swift */,
				02BC5CA3291BE56A003B2996 /* permutation.swift */,
				028526A72967051F00C2D820 /* combination.swift */,
				028526A9297962B000C2D820 /* prefixSum.swift */,
				026A442B29D1985B00EE9249 /* queue.swift */,
				026A442D29E2B56800EE9249 /* adjacencyMatrix.swift */,
				026A442F29E3F69F00EE9249 /* adjacencyList.swift */,
				026A443129E41DEA00EE9249 /* map&DirectionVector.swift */,
				026A443329E5A73900EE9249 /* dfs.swift */,
				02C63F7C2A1DD88C0040E9AE /* bfs.swift */,
				0297EF862AB85A4A0001CF18 /* FileIO.swift */,
				0297EF952ACC04C70001CF18 /* bitMasking.swift */,
				02BC5CA5291BE59D003B2996 /* readLineList.md */,
				020CAA2A2A92263B00FECB50 /* 1Week */,
				020CAA2B2A92266200FECB50 /* 2Week */,
				020CAA2C2A92267F00FECB50 /* 3Week */,
				0297EF922AC2C2800001CF18 /* 4Week */,
			);
			path = Algorithm;
			sourceTree = "<group>";
		};
/* End PBXGroup section */

/* Begin PBXNativeTarget section */
		02BC5C98291BE559003B2996 /* Algorithm */ = {
			isa = PBXNativeTarget;
			buildConfigurationList = 02BC5CA0291BE559003B2996 /* Build configuration list for PBXNativeTarget "Algorithm" */;
			buildPhases = (
				02BC5C95291BE559003B2996 /* Sources */,
				02BC5C96291BE559003B2996 /* Frameworks */,
				02BC5C97291BE559003B2996 /* CopyFiles */,
			);
			buildRules = (
			);
			dependencies = (
			);
			name = Algorithm;
			productName = Algorithm;
			productReference = 02BC5C99291BE559003B2996 /* Algorithm */;
			productType = "com.apple.product-type.tool";
		};
/* End PBXNativeTarget section */

/* Begin PBXProject section */
		02BC5C91291BE559003B2996 /* Project object */ = {
			isa = PBXProject;
			attributes = {
				BuildIndependentTargetsInParallel = 1;
				LastSwiftUpdateCheck = 1410;
				LastUpgradeCheck = 1410;
				TargetAttributes = {
					02BC5C98291BE559003B2996 = {
						CreatedOnToolsVersion = 14.1;
					};
				};
			};
			buildConfigurationList = 02BC5C94291BE559003B2996 /* Build configuration list for PBXProject "Algorithm" */;
			compatibilityVersion = "Xcode 14.0";
			developmentRegion = en;
			hasScannedForEncodings = 0;
			knownRegions = (
				en,
				Base,
			);
			mainGroup = 02BC5C90291BE559003B2996;
			productRefGroup = 02BC5C9A291BE559003B2996 /* Products */;
			projectDirPath = "";
			projectRoot = "";
			targets = (
				02BC5C98291BE559003B2996 /* Algorithm */,
			);
		};
/* End PBXProject section */

/* Begin PBXSourcesBuildPhase section */
		02BC5C95291BE559003B2996 /* Sources */ = {
			isa = PBXSourcesBuildPhase;
			buildActionMask = 2147483647;
			files = (
				02BC5C9D291BE559003B2996 /* main.swift in Sources */,
				0297EF872AB85A4A0001CF18 /* FileIO.swift in Sources */,
			);
			runOnlyForDeploymentPostprocessing = 0;
		};
/* End PBXSourcesBuildPhase section */

/* Begin XCBuildConfiguration section */
		02BC5C9E291BE559003B2996 /* Debug */ = {
			isa = XCBuildConfiguration;
			buildSettings = {
				ALWAYS_SEARCH_USER_PATHS = NO;
				CLANG_ANALYZER_NONNULL = YES;
				CLANG_ANALYZER_NUMBER_OBJECT_CONVERSION = YES_AGGRESSIVE;
				CLANG_CXX_LANGUAGE_STANDARD = "gnu++20";
				CLANG_ENABLE_MODULES = YES;
				CLANG_ENABLE_OBJC_ARC = YES;
				CLANG_ENABLE_OBJC_WEAK = YES;
				CLANG_WARN_BLOCK_CAPTURE_AUTORELEASING = YES;
				CLANG_WARN_BOOL_CONVERSION = YES;
				CLANG_WARN_COMMA = YES;
				CLANG_WARN_CONSTANT_CONVERSION = YES;
				CLANG_WARN_DEPRECATED_OBJC_IMPLEMENTATIONS = YES;
				CLANG_WARN_DIRECT_OBJC_ISA_USAGE = YES_ERROR;
				CLANG_WARN_DOCUMENTATION_COMMENTS = YES;
				CLANG_WARN_EMPTY_BODY = YES;
				CLANG_WARN_ENUM_CONVERSION = YES;
				CLANG_WARN_INFINITE_RECURSION = YES;
				CLANG_WARN_INT_CONVERSION = YES;
				CLANG_WARN_NON_LITERAL_NULL_CONVERSION = YES;
				CLANG_WARN_OBJC_IMPLICIT_RETAIN_SELF = YES;
				CLANG_WARN_OBJC_LITERAL_CONVERSION = YES;
				CLANG_WARN_OBJC_ROOT_CLASS = YES_ERROR;
				CLANG_WARN_QUOTED_INCLUDE_IN_FRAMEWORK_HEADER = YES;
				CLANG_WARN_RANGE_LOOP_ANALYSIS = YES;
				CLANG_WARN_STRICT_PROTOTYPES = YES;
				CLANG_WARN_SUSPICIOUS_MOVE = YES;
				CLANG_WARN_UNGUARDED_AVAILABILITY = YES_AGGRESSIVE;
				CLANG_WARN_UNREACHABLE_CODE = YES;
				CLANG_WARN__DUPLICATE_METHOD_MATCH = YES;
				COPY_PHASE_STRIP = NO;
				DEBUG_INFORMATION_FORMAT = dwarf;
				ENABLE_STRICT_OBJC_MSGSEND = YES;
				ENABLE_TESTABILITY = YES;
				GCC_C_LANGUAGE_STANDARD = gnu11;
				GCC_DYNAMIC_NO_PIC = NO;
				GCC_NO_COMMON_BLOCKS = YES;
				GCC_OPTIMIZATION_LEVEL = 0;
				GCC_PREPROCESSOR_DEFINITIONS = (
					"DEBUG=1",
					"$(inherited)",
				);
				GCC_WARN_64_TO_32_BIT_CONVERSION = YES;
				GCC_WARN_ABOUT_RETURN_TYPE = YES_ERROR;
				GCC_WARN_UNDECLARED_SELECTOR = YES;
				GCC_WARN_UNINITIALIZED_AUTOS = YES_AGGRESSIVE;
				GCC_WARN_UNUSED_FUNCTION = YES;
				GCC_WARN_UNUSED_VARIABLE = YES;
				MACOSX_DEPLOYMENT_TARGET = 12.6;
				MTL_ENABLE_DEBUG_INFO = INCLUDE_SOURCE;
				MTL_FAST_MATH = YES;
				ONLY_ACTIVE_ARCH = YES;
				SDKROOT = macosx;
				SWIFT_ACTIVE_COMPILATION_CONDITIONS = DEBUG;
				SWIFT_OPTIMIZATION_LEVEL = "-Onone";
			};
			name = Debug;
		};
		02BC5C9F291BE559003B2996 /* Release */ = {
			isa = XCBuildConfiguration;
			buildSettings = {
				ALWAYS_SEARCH_USER_PATHS = NO;
				CLANG_ANALYZER_NONNULL = YES;
				CLANG_ANALYZER_NUMBER_OBJECT_CONVERSION = YES_AGGRESSIVE;
				CLANG_CXX_LANGUAGE_STANDARD = "gnu++20";
				CLANG_ENABLE_MODULES = YES;
				CLANG_ENABLE_OBJC_ARC = YES;
				CLANG_ENABLE_OBJC_WEAK = YES;
				CLANG_WARN_BLOCK_CAPTURE_AUTORELEASING = YES;
				CLANG_WARN_BOOL_CONVERSION = YES;
				CLANG_WARN_COMMA = YES;
				CLANG_WARN_CONSTANT_CONVERSION = YES;
				CLANG_WARN_DEPRECATED_OBJC_IMPLEMENTATIONS = YES;
				CLANG_WARN_DIRECT_OBJC_ISA_USAGE = YES_ERROR;
				CLANG_WARN_DOCUMENTATION_COMMENTS = YES;
				CLANG_WARN_EMPTY_BODY = YES;
				CLANG_WARN_ENUM_CONVERSION = YES;
				CLANG_WARN_INFINITE_RECURSION = YES;
				CLANG_WARN_INT_CONVERSION = YES;
				CLANG_WARN_NON_LITERAL_NULL_CONVERSION = YES;
				CLANG_WARN_OBJC_IMPLICIT_RETAIN_SELF = YES;
				CLANG_WARN_OBJC_LITERAL_CONVERSION = YES;
				CLANG_WARN_OBJC_ROOT_CLASS = YES_ERROR;
				CLANG_WARN_QUOTED_INCLUDE_IN_FRAMEWORK_HEADER = YES;
				CLANG_WARN_RANGE_LOOP_ANALYSIS = YES;
				CLANG_WARN_STRICT_PROTOTYPES = YES;
				CLANG_WARN_SUSPICIOUS_MOVE = YES;
				CLANG_WARN_UNGUARDED_AVAILABILITY = YES_AGGRESSIVE;
				CLANG_WARN_UNREACHABLE_CODE = YES;
				CLANG_WARN__DUPLICATE_METHOD_MATCH = YES;
				COPY_PHASE_STRIP = NO;
				DEBUG_INFORMATION_FORMAT = "dwarf-with-dsym";
				ENABLE_NS_ASSERTIONS = NO;
				ENABLE_STRICT_OBJC_MSGSEND = YES;
				GCC_C_LANGUAGE_STANDARD = gnu11;
				GCC_NO_COMMON_BLOCKS = YES;
				GCC_WARN_64_TO_32_BIT_CONVERSION = YES;
				GCC_WARN_ABOUT_RETURN_TYPE = YES_ERROR;
				GCC_WARN_UNDECLARED_SELECTOR = YES;
				GCC_WARN_UNINITIALIZED_AUTOS = YES_AGGRESSIVE;
				GCC_WARN_UNUSED_FUNCTION = YES;
				GCC_WARN_UNUSED_VARIABLE = YES;
				MACOSX_DEPLOYMENT_TARGET = 12.6;
				MTL_ENABLE_DEBUG_INFO = NO;
				MTL_FAST_MATH = YES;
				SDKROOT = macosx;
				SWIFT_COMPILATION_MODE = wholemodule;
				SWIFT_OPTIMIZATION_LEVEL = "-O";
			};
			name = Release;
		};
		02BC5CA1291BE559003B2996 /* Debug */ = {
			isa = XCBuildConfiguration;
			buildSettings = {
				CODE_SIGN_STYLE = Automatic;
				PRODUCT_NAME = "$(TARGET_NAME)";
				SWIFT_VERSION = 5.0;
			};
			name = Debug;
		};
		02BC5CA2291BE559003B2996 /* Release */ = {
			isa = XCBuildConfiguration;
			buildSettings = {
				CODE_SIGN_STYLE = Automatic;
				PRODUCT_NAME = "$(TARGET_NAME)";
				SWIFT_VERSION = 5.0;
			};
			name = Release;
		};
/* End XCBuildConfiguration section */

/* Begin XCConfigurationList section */
		02BC5C94291BE559003B2996 /* Build configuration list for PBXProject "Algorithm" */ = {
			isa = XCConfigurationList;
			buildConfigurations = (
				02BC5C9E291BE559003B2996 /* Debug */,
				02BC5C9F291BE559003B2996 /* Release */,
			);
			defaultConfigurationIsVisible = 0;
			defaultConfigurationName = Release;
		};
		02BC5CA0291BE559003B2996 /* Build configuration list for PBXNativeTarget "Algorithm" */ = {
			isa = XCConfigurationList;
			buildConfigurations = (
				02BC5CA1291BE559003B2996 /* Debug */,
				02BC5CA2291BE559003B2996 /* Release */,
			);
			defaultConfigurationIsVisible = 0;
			defaultConfigurationName = Release;
		};
/* End XCConfigurationList section */
	};
	rootObject = 02BC5C91291BE559003B2996 /* Project object */;
}
